Microsoft Visual Studio Solution File, Format Version 12.00
# Visual Studio 15
VisualStudioVersion = 15.0.27130.2026
MinimumVisualStudioVersion = 15.0.26124.0
Project("{2150E333-8FDC-42A3-9474-1A3956D46DE8}") = "src", "src", "{67A70E2A-04FD-438F-A1A9-A979430D37DF}"
EndProject
Project("{2150E333-8FDC-42A3-9474-1A3956D46DE8}") = "samples", "samples", "{A268F243-4E3F-41EB-8E21-006CD002FF90}"
EndProject
Project("{9A19103F-16F7-4668-BE54-9A1E7A4F7556}") = "SampleApi", "samples\SampleApi\SampleApi.csproj", "{B458BADC-22C9-4B35-B480-092C0BCB5C6B}"
EndProject
Project("{9A19103F-16F7-4668-BE54-9A1E7A4F7556}") = "SimpleInstrumentation", "src\SimpleInstrumentation\SimpleInstrumentation.csproj", "{3EB1A574-50D3-4CDE-95AC-4CBF274D6234}"
EndProject
Project("{9A19103F-16F7-4668-BE54-9A1E7A4F7556}") = "SimpleAppInsights", "src\SimpleAppInsights\SimpleAppInsights.csproj", "{003FB273-BA13-416A-AB29-936019D5863A}"
EndProject
Project("{9A19103F-16F7-4668-BE54-9A1E7A4F7556}") = "SampleWorker", "samples\SampleWorker\SampleWorker.csproj", "{CA35A66B-8ED9-4657-9EA7-82E9685A9D58}"
EndProject
Project("{9A19103F-16F7-4668-BE54-9A1E7A4F7556}") = "SampleCore", "samples\SampleCore\SampleCore.csproj", "{42A347A0-BBC9-4552-A03C-59CAEE642F50}"
EndProject
Project("{FAE04EC0-301F-11D3-BF4B-00C04F79EFBC}") = "Docker.Web", "samples\Docker.Web\Docker.Web.csproj", "{85028186-75F7-4E92-AEE2-527822013E93}"
EndProject
Project("{FAE04EC0-301F-11D3-BF4B-00C04F79EFBC}") = "Docker.Downstream", "samples\Docker.Downstream\Docker.Downstream.csproj", "{FB9ACE95-38BA-4507-8E85-0A71FE13E5F9}"
EndProject
Project("{2150E333-8FDC-42A3-9474-1A3956D46DE8}") = "tests", "tests", "{3D37A20B-D5D6-4578-AFD9-EE00EE5BDCCC}"
EndProject
Project("{FAE04EC0-301F-11D3-BF4B-00C04F79EFBC}") = "Docker.Web.Tests", "tests\Docker.Web.Tests\Docker.Web.Tests.csproj", "{3B8AC2D3-66C9-4480-B821-209B757066CA}"
EndProject
Global
	GlobalSection(SolutionConfigurationPlatforms) = preSolution
		Debug|Any CPU = Debug|Any CPU
		Debug|x64 = Debug|x64
		Debug|x86 = Debug|x86
		Release|Any CPU = Release|Any CPU
		Release|x64 = Release|x64
		Release|x86 = Release|x86
	EndGlobalSection
	GlobalSection(ProjectConfigurationPlatforms) = postSolution
		{B458BADC-22C9-4B35-B480-092C0BCB5C6B}.Debug|Any CPU.ActiveCfg = Debug|Any CPU
		{B458BADC-22C9-4B35-B480-092C0BCB5C6B}.Debug|Any CPU.Build.0 = Debug|Any CPU
		{B458BADC-22C9-4B35-B480-092C0BCB5C6B}.Debug|x64.ActiveCfg = Debug|Any CPU
		{B458BADC-22C9-4B35-B480-092C0BCB5C6B}.Debug|x64.Build.0 = Debug|Any CPU
		{B458BADC-22C9-4B35-B480-092C0BCB5C6B}.Debug|x86.ActiveCfg = Debug|Any CPU
		{B458BADC-22C9-4B35-B480-092C0BCB5C6B}.Debug|x86.Build.0 = Debug|Any CPU
		{B458BADC-22C9-4B35-B480-092C0BCB5C6B}.Release|Any CPU.ActiveCfg = Release|Any CPU
		{B458BADC-22C9-4B35-B480-092C0BCB5C6B}.Release|Any CPU.Build.0 = Release|Any CPU
		{B458BADC-22C9-4B35-B480-092C0BCB5C6B}.Release|x64.ActiveCfg = Release|Any CPU
		{B458BADC-22C9-4B35-B480-092C0BCB5C6B}.Release|x64.Build.0 = Release|Any CPU
		{B458BADC-22C9-4B35-B480-092C0BCB5C6B}.Release|x86.ActiveCfg = Release|Any CPU
		{B458BADC-22C9-4B35-B480-092C0BCB5C6B}.Release|x86.Build.0 = Release|Any CPU
		{3EB1A574-50D3-4CDE-95AC-4CBF274D6234}.Debug|Any CPU.ActiveCfg = Debug|Any CPU
		{3EB1A574-50D3-4CDE-95AC-4CBF274D6234}.Debug|Any CPU.Build.0 = Debug|Any CPU
		{3EB1A574-50D3-4CDE-95AC-4CBF274D6234}.Debug|x64.ActiveCfg = Debug|Any CPU
		{3EB1A574-50D3-4CDE-95AC-4CBF274D6234}.Debug|x64.Build.0 = Debug|Any CPU
		{3EB1A574-50D3-4CDE-95AC-4CBF274D6234}.Debug|x86.ActiveCfg = Debug|Any CPU
		{3EB1A574-50D3-4CDE-95AC-4CBF274D6234}.Debug|x86.Build.0 = Debug|Any CPU
		{3EB1A574-50D3-4CDE-95AC-4CBF274D6234}.Release|Any CPU.ActiveCfg = Release|Any CPU
		{3EB1A574-50D3-4CDE-95AC-4CBF274D6234}.Release|Any CPU.Build.0 = Release|Any CPU
		{3EB1A574-50D3-4CDE-95AC-4CBF274D6234}.Release|x64.ActiveCfg = Release|Any CPU
		{3EB1A574-50D3-4CDE-95AC-4CBF274D6234}.Release|x64.Build.0 = Release|Any CPU
		{3EB1A574-50D3-4CDE-95AC-4CBF274D6234}.Release|x86.ActiveCfg = Release|Any CPU
		{3EB1A574-50D3-4CDE-95AC-4CBF274D6234}.Release|x86.Build.0 = Release|Any CPU
		{003FB273-BA13-416A-AB29-936019D5863A}.Debug|Any CPU.ActiveCfg = Debug|Any CPU
		{003FB273-BA13-416A-AB29-936019D5863A}.Debug|Any CPU.Build.0 = Debug|Any CPU
		{003FB273-BA13-416A-AB29-936019D5863A}.Debug|x64.ActiveCfg = Debug|Any CPU
		{003FB273-BA13-416A-AB29-936019D5863A}.Debug|x64.Build.0 = Debug|Any CPU
		{003FB273-BA13-416A-AB29-936019D5863A}.Debug|x86.ActiveCfg = Debug|Any CPU
		{003FB273-BA13-416A-AB29-936019D5863A}.Debug|x86.Build.0 = Debug|Any CPU
		{003FB273-BA13-416A-AB29-936019D5863A}.Release|Any CPU.ActiveCfg = Release|Any CPU
		{003FB273-BA13-416A-AB29-936019D5863A}.Release|Any CPU.Build.0 = Release|Any CPU
		{003FB273-BA13-416A-AB29-936019D5863A}.Release|x64.ActiveCfg = Release|Any CPU
		{003FB273-BA13-416A-AB29-936019D5863A}.Release|x64.Build.0 = Release|Any CPU
		{003FB273-BA13-416A-AB29-936019D5863A}.Release|x86.ActiveCfg = Release|Any CPU
		{003FB273-BA13-416A-AB29-936019D5863A}.Release|x86.Build.0 = Release|Any CPU
		{CA35A66B-8ED9-4657-9EA7-82E9685A9D58}.Debug|Any CPU.ActiveCfg = Debug|Any CPU
		{CA35A66B-8ED9-4657-9EA7-82E9685A9D58}.Debug|Any CPU.Build.0 = Debug|Any CPU
		{CA35A66B-8ED9-4657-9EA7-82E9685A9D58}.Debug|x64.ActiveCfg = Debug|Any CPU
		{CA35A66B-8ED9-4657-9EA7-82E9685A9D58}.Debug|x64.Build.0 = Debug|Any CPU
		{CA35A66B-8ED9-4657-9EA7-82E9685A9D58}.Debug|x86.ActiveCfg = Debug|Any CPU
		{CA35A66B-8ED9-4657-9EA7-82E9685A9D58}.Debug|x86.Build.0 = Debug|Any CPU
		{CA35A66B-8ED9-4657-9EA7-82E9685A9D58}.Release|Any CPU.ActiveCfg = Release|Any CPU
		{CA35A66B-8ED9-4657-9EA7-82E9685A9D58}.Release|Any CPU.Build.0 = Release|Any CPU
		{CA35A66B-8ED9-4657-9EA7-82E9685A9D58}.Release|x64.ActiveCfg = Release|Any CPU
		{CA35A66B-8ED9-4657-9EA7-82E9685A9D58}.Release|x64.Build.0 = Release|Any CPU
		{CA35A66B-8ED9-4657-9EA7-82E9685A9D58}.Release|x86.ActiveCfg = Release|Any CPU
		{CA35A66B-8ED9-4657-9EA7-82E9685A9D58}.Release|x86.Build.0 = Release|Any CPU
		{42A347A0-BBC9-4552-A03C-59CAEE642F50}.Debug|Any CPU.ActiveCfg = Debug|Any CPU
		{42A347A0-BBC9-4552-A03C-59CAEE642F50}.Debug|Any CPU.Build.0 = Debug|Any CPU
		{42A347A0-BBC9-4552-A03C-59CAEE642F50}.Debug|x64.ActiveCfg = Debug|Any CPU
		{42A347A0-BBC9-4552-A03C-59CAEE642F50}.Debug|x64.Build.0 = Debug|Any CPU
		{42A347A0-BBC9-4552-A03C-59CAEE642F50}.Debug|x86.ActiveCfg = Debug|Any CPU
		{42A347A0-BBC9-4552-A03C-59CAEE642F50}.Debug|x86.Build.0 = Debug|Any CPU
		{42A347A0-BBC9-4552-A03C-59CAEE642F50}.Release|Any CPU.ActiveCfg = Release|Any CPU
		{42A347A0-BBC9-4552-A03C-59CAEE642F50}.Release|Any CPU.Build.0 = Release|Any CPU
		{42A347A0-BBC9-4552-A03C-59CAEE642F50}.Release|x64.ActiveCfg = Release|Any CPU
		{42A347A0-BBC9-4552-A03C-59CAEE642F50}.Release|x64.Build.0 = Release|Any CPU
		{42A347A0-BBC9-4552-A03C-59CAEE642F50}.Release|x86.ActiveCfg = Release|Any CPU
		{42A347A0-BBC9-4552-A03C-59CAEE642F50}.Release|x86.Build.0 = Release|Any CPU
		{85028186-75F7-4E92-AEE2-527822013E93}.Debug|Any CPU.ActiveCfg = Debug|Any CPU
		{85028186-75F7-4E92-AEE2-527822013E93}.Debug|Any CPU.Build.0 = Debug|Any CPU
		{85028186-75F7-4E92-AEE2-527822013E93}.Debug|x64.ActiveCfg = Debug|Any CPU
		{85028186-75F7-4E92-AEE2-527822013E93}.Debug|x64.Build.0 = Debug|Any CPU
		{85028186-75F7-4E92-AEE2-527822013E93}.Debug|x86.ActiveCfg = Debug|Any CPU
		{85028186-75F7-4E92-AEE2-527822013E93}.Debug|x86.Build.0 = Debug|Any CPU
		{85028186-75F7-4E92-AEE2-527822013E93}.Release|Any CPU.ActiveCfg = Release|Any CPU
		{85028186-75F7-4E92-AEE2-527822013E93}.Release|Any CPU.Build.0 = Release|Any CPU
		{85028186-75F7-4E92-AEE2-527822013E93}.Release|x64.ActiveCfg = Release|Any CPU
		{85028186-75F7-4E92-AEE2-527822013E93}.Release|x64.Build.0 = Release|Any CPU
		{85028186-75F7-4E92-AEE2-527822013E93}.Release|x86.ActiveCfg = Release|Any CPU
		{85028186-75F7-4E92-AEE2-527822013E93}.Release|x86.Build.0 = Release|Any CPU
		{FB9ACE95-38BA-4507-8E85-0A71FE13E5F9}.Debug|Any CPU.ActiveCfg = Debug|Any CPU
		{FB9ACE95-38BA-4507-8E85-0A71FE13E5F9}.Debug|Any CPU.Build.0 = Debug|Any CPU
		{FB9ACE95-38BA-4507-8E85-0A71FE13E5F9}.Debug|x64.ActiveCfg = Debug|Any CPU
		{FB9ACE95-38BA-4507-8E85-0A71FE13E5F9}.Debug|x64.Build.0 = Debug|Any CPU
		{FB9ACE95-38BA-4507-8E85-0A71FE13E5F9}.Debug|x86.ActiveCfg = Debug|Any CPU
		{FB9ACE95-38BA-4507-8E85-0A71FE13E5F9}.Debug|x86.Build.0 = Debug|Any CPU
		{FB9ACE95-38BA-4507-8E85-0A71FE13E5F9}.Release|Any CPU.ActiveCfg = Release|Any CPU
		{FB9ACE95-38BA-4507-8E85-0A71FE13E5F9}.Release|Any CPU.Build.0 = Release|Any CPU
		{FB9ACE95-38BA-4507-8E85-0A71FE13E5F9}.Release|x64.ActiveCfg = Release|Any CPU
		{FB9ACE95-38BA-4507-8E85-0A71FE13E5F9}.Release|x64.Build.0 = Release|Any CPU
		{FB9ACE95-38BA-4507-8E85-0A71FE13E5F9}.Release|x86.ActiveCfg = Release|Any CPU
		{FB9ACE95-38BA-4507-8E85-0A71FE13E5F9}.Release|x86.Build.0 = Release|Any CPU
		{3B8AC2D3-66C9-4480-B821-209B757066CA}.Debug|Any CPU.ActiveCfg = Debug|Any CPU
		{3B8AC2D3-66C9-4480-B821-209B757066CA}.Debug|Any CPU.Build.0 = Debug|Any CPU
		{3B8AC2D3-66C9-4480-B821-209B757066CA}.Debug|x64.ActiveCfg = Debug|Any CPU
		{3B8AC2D3-66C9-4480-B821-209B757066CA}.Debug|x64.Build.0 = Debug|Any CPU
		{3B8AC2D3-66C9-4480-B821-209B757066CA}.Debug|x86.ActiveCfg = Debug|Any CPU
		{3B8AC2D3-66C9-4480-B821-209B757066CA}.Debug|x86.Build.0 = Debug|Any CPU
		{3B8AC2D3-66C9-4480-B821-209B757066CA}.Release|Any CPU.ActiveCfg = Release|Any CPU
		{3B8AC2D3-66C9-4480-B821-209B757066CA}.Release|Any CPU.Build.0 = Release|Any CPU
		{3B8AC2D3-66C9-4480-B821-209B757066CA}.Release|x64.ActiveCfg = Release|Any CPU
		{3B8AC2D3-66C9-4480-B821-209B757066CA}.Release|x64.Build.0 = Release|Any CPU
		{3B8AC2D3-66C9-4480-B821-209B757066CA}.Release|x86.ActiveCfg = Release|Any CPU
		{3B8AC2D3-66C9-4480-B821-209B757066CA}.Release|x86.Build.0 = Release|Any CPU
	EndGlobalSection
	GlobalSection(SolutionProperties) = preSolution
		HideSolutionNode = FALSE
	EndGlobalSection
	GlobalSection(NestedProjects) = preSolution
		{B458BADC-22C9-4B35-B480-092C0BCB5C6B} = {A268F243-4E3F-41EB-8E21-006CD002FF90}
		{3EB1A574-50D3-4CDE-95AC-4CBF274D6234} = {67A70E2A-04FD-438F-A1A9-A979430D37DF}
		{003FB273-BA13-416A-AB29-936019D5863A} = {67A70E2A-04FD-438F-A1A9-A979430D37DF}
		{CA35A66B-8ED9-4657-9EA7-82E9685A9D58} = {A268F243-4E3F-41EB-8E21-006CD002FF90}
		{42A347A0-BBC9-4552-A03C-59CAEE642F50} = {A268F243-4E3F-41EB-8E21-006CD002FF90}
		{85028186-75F7-4E92-AEE2-527822013E93} = {A268F243-4E3F-41EB-8E21-006CD002FF90}
		{FB9ACE95-38BA-4507-8E85-0A71FE13E5F9} = {A268F243-4E3F-41EB-8E21-006CD002FF90}
		{3B8AC2D3-66C9-4480-B821-209B757066CA} = {3D37A20B-D5D6-4578-AFD9-EE00EE5BDCCC}
	EndGlobalSection
	GlobalSection(ExtensibilityGlobals) = postSolution
		SolutionGuid = {5763508F-C37B-4D68-920A-230C05304DB9}
	EndGlobalSection
EndGlobal
